
Microsoft Visual Studio Solution File, Format Version 12.00
# Visual Studio Version 17
VisualStudioVersion = 17.10.34902.84
MinimumVisualStudioVersion = 10.0.40219.1
Project("{FAE04EC0-301F-11D3-BF4B-00C04F79EFBC}") = "DotNet8.HexagonalArchitectureSample", "DotNet8.HexagonalArchitectureSample\DotNet8.HexagonalArchitectureSample.csproj", "{BE3E159D-0B0A-4066-B22F-F03036ADE326}"
EndProject
Global
	GlobalSection(SolutionConfigurationPlatforms) = preSolution
		Debug|Any CPU = Debug|Any CPU
		Release|Any CPU = Release|Any CPU
	EndGlobalSection
	GlobalSection(ProjectConfigurationPlatforms) = postSolution
		{BE3E159D-0B0A-4066-B22F-F03036ADE326}.Debug|Any CPU.ActiveCfg = Debug|Any CPU
		{BE3E159D-0B0A-4066-B22F-F03036ADE326}.Debug|Any CPU.Build.0 = Debug|Any CPU
		{BE3E159D-0B0A-4066-B22F-F03036ADE326}.Release|Any CPU.ActiveCfg = Release|Any CPU
		{BE3E159D-0B0A-4066-B22F-F03036ADE326}.Release|Any CPU.Build.0 = Release|Any CPU
	EndGlobalSection
	GlobalSection(SolutionProperties) = preSolution
		HideSolutionNode = FALSE
	EndGlobalSection
	GlobalSection(ExtensibilityGlobals) = postSolution
		SolutionGuid = {DE1D0E80-93E1-442B-B70E-59C1678C5627}
	EndGlobalSection
EndGlobal
